// !$*UTF8*$!
{
	archiveVersion = 1;
	classes = {
	};
	objectVersion = 46;
	objects = {

/* Begin PBXBuildFile section */
		085414521E92005000B98316 /* AppDelegate.swift in Sources */ = {isa = PBXBuildFile; fileRef = 085414511E92005000B98316 /* AppDelegate.swift */; };
		085414541E92005000B98316 /* ViewController.swift in Sources */ = {isa = PBXBuildFile; fileRef = 085414531E92005000B98316 /* ViewController.swift */; };
		085414571E92005000B98316 /* Main.storyboard in Resources */ = {isa = PBXBuildFile; fileRef = 085414551E92005000B98316 /* Main.storyboard */; };
		085414591E92005000B98316 /* Assets.xcassets in Resources */ = {isa = PBXBuildFile; fileRef = 085414581E92005000B98316 /* Assets.xcassets */; };
		0854145C1E92005000B98316 /* LaunchScreen.storyboard in Resources */ = {isa = PBXBuildFile; fileRef = 0854145A1E92005000B98316 /* LaunchScreen.storyboard */; };
		085414671E92005000B98316 /* CoolTests.swift in Sources */ = {isa = PBXBuildFile; fileRef = 085414661E92005000B98316 /* CoolTests.swift */; };
		085414721E92005000B98316 /* CoolUITests.swift in Sources */ = {isa = PBXBuildFile; fileRef = 085414711E92005000B98316 /* CoolUITests.swift */; };
		751D8A23A1DCB5D345B4E23B /* Pods_Cool.framework in Frameworks */ = {isa = PBXBuildFile; fileRef = 6D57EB3B3663A238A2456FC2 /* Pods_Cool.framework */; };
		96B5375AE36B8DAD12B104FD /* Pods_CoolTests.framework in Frameworks */ = {isa = PBXBuildFile; fileRef = 50F5B95A37EB9475AFFCAEAD /* Pods_CoolTests.framework */; };
		9AC8A200A9714B1933F88DED /* Pods_CoolUITests.framework in Frameworks */ = {isa = PBXBuildFile; fileRef = 5126EF92901F0DF8CFAEC06B /* Pods_CoolUITests.framework */; };
/* End PBXBuildFile section */

/* Begin PBXContainerItemProxy section */
		085414631E92005000B98316 /* PBXContainerItemProxy */ = {
			isa = PBXContainerItemProxy;
			containerPortal = 085414461E92005000B98316 /* Project object */;
			proxyType = 1;
			remoteGlobalIDString = 0854144D1E92005000B98316;
			remoteInfo = Cool;
		};
		0854146E1E92005000B98316 /* PBXContainerItemProxy */ = {
			isa = PBXContainerItemProxy;
			containerPortal = 085414461E92005000B98316 /* Project object */;
			proxyType = 1;
			remoteGlobalIDString = 0854144D1E92005000B98316;
			remoteInfo = Cool;
		};
/* End PBXContainerItemProxy section */

/* Begin PBXFileReference section */
		0854144E1E92005000B98316 /* Cool.app */ = {isa = PBXFileReference; explicitFileType = wrapper.application; includeInIndex = 0; path = Cool.app; sourceTree = BUILT_PRODUCTS_DIR; };
		085414511E92005000B98316 /* AppDelegate.swift */ = {isa = PBXFileReference; lastKnownFileType = sourcecode.swift; path = AppDelegate.swift; sourceTree = "<group>"; };
		085414531E92005000B98316 /* ViewController.swift */ = {isa = PBXFileReference; lastKnownFileType = sourcecode.swift; path = ViewController.swift; sourceTree = "<group>"; };
		085414561E92005000B98316 /* Base */ = {isa = PBXFileReference; lastKnownFileType = file.storyboard; name = Base; path = Base.lproj/Main.storyboard; sourceTree = "<group>"; };
		085414581E92005000B98316 /* Assets.xcassets */ = {isa = PBXFileReference; lastKnownFileType = folder.assetcatalog; path = Assets.xcassets; sourceTree = "<group>"; };
		0854145B1E92005000B98316 /* Base */ = {isa = PBXFileReference; lastKnownFileType = file.storyboard; name = Base; path = Base.lproj/LaunchScreen.storyboard; sourceTree = "<group>"; };
		0854145D1E92005000B98316 /* Info.plist */ = {isa = PBXFileReference; lastKnownFileType = text.plist.xml; path = Info.plist; sourceTree = "<group>"; };
		085414621E92005000B98316 /* CoolTests.xctest */ = {isa = PBXFileReference; explicitFileType = wrapper.cfbundle; includeInIndex = 0; path = CoolTests.xctest; sourceTree = BUILT_PRODUCTS_DIR; };
		085414661E92005000B98316 /* CoolTests.swift */ = {isa = PBXFileReference; lastKnownFileType = sourcecode.swift; path = CoolTests.swift; sourceTree = "<group>"; };
		085414681E92005000B98316 /* Info.plist */ = {isa = PBXFileReference; lastKnownFileType = text.plist.xml; path = Info.plist; sourceTree = "<group>"; };
		0854146D1E92005000B98316 /* CoolUITests.xctest */ = {isa = PBXFileReference; explicitFileType = wrapper.cfbundle; includeInIndex = 0; path = CoolUITests.xctest; sourceTree = BUILT_PRODUCTS_DIR; };
		085414711E92005000B98316 /* CoolUITests.swift */ = {isa = PBXFileReference; lastKnownFileType = sourcecode.swift; path = CoolUITests.swift; sourceTree = "<group>"; };
		085414731E92005000B98316 /* Info.plist */ = {isa = PBXFileReference; lastKnownFileType = text.plist.xml; path = Info.plist; sourceTree = "<group>"; };
		2E4530B42440602C75630823 /* Pods-Cool.release.xcconfig */ = {isa = PBXFileReference; includeInIndex = 1; lastKnownFileType = text.xcconfig; name = "Pods-Cool.release.xcconfig"; path = "Pods/Target Support Files/Pods-Cool/Pods-Cool.release.xcconfig"; sourceTree = "<group>"; };
		50F5B95A37EB9475AFFCAEAD /* Pods_CoolTests.framework */ = {isa = PBXFileReference; explicitFileType = wrapper.framework; includeInIndex = 0; path = Pods_CoolTests.framework; sourceTree = BUILT_PRODUCTS_DIR; };
		5126EF92901F0DF8CFAEC06B /* Pods_CoolUITests.framework */ = {isa = PBXFileReference; explicitFileType = wrapper.framework; includeInIndex = 0; path = Pods_CoolUITests.framework; sourceTree = BUILT_PRODUCTS_DIR; };
		6D57EB3B3663A238A2456FC2 /* Pods_Cool.framework */ = {isa = PBXFileReference; explicitFileType = wrapper.framework; includeInIndex = 0; path = Pods_Cool.framework; sourceTree = BUILT_PRODUCTS_DIR; };
		AAFE6E6835BAD51FF597F566 /* Pods-CoolUITests.debug.xcconfig */ = {isa = PBXFileReference; includeInIndex = 1; lastKnownFileType = text.xcconfig; name = "Pods-CoolUITests.debug.xcconfig"; path = "Pods/Target Support Files/Pods-CoolUITests/Pods-CoolUITests.debug.xcconfig"; sourceTree = "<group>"; };
		AD42770CE0E49BFA21EF4F4D /* Pods-CoolTests.release.xcconfig */ = {isa = PBXFileReference; includeInIndex = 1; lastKnownFileType = text.xcconfig; name = "Pods-CoolTests.release.xcconfig"; path = "Pods/Target Support Files/Pods-CoolTests/Pods-CoolTests.release.xcconfig"; sourceTree = "<group>"; };
		C8C68DDDA793AF9F85A1D4DF /* Pods-Cool.debug.xcconfig */ = {isa = PBXFileReference; includeInIndex = 1; lastKnownFileType = text.xcconfig; name = "Pods-Cool.debug.xcconfig"; path = "Pods/Target Support Files/Pods-Cool/Pods-Cool.debug.xcconfig"; sourceTree = "<group>"; };
		DBCB74DE261BF0BEDB0E3AA6 /* Pods-CoolTests.debug.xcconfig */ = {isa = PBXFileReference; includeInIndex = 1; lastKnownFileType = text.xcconfig; name = "Pods-CoolTests.debug.xcconfig"; path = "Pods/Target Support Files/Pods-CoolTests/Pods-CoolTests.debug.xcconfig"; sourceTree = "<group>"; };
		F14C716B860F82E461989045 /* Pods-CoolUITests.release.xcconfig */ = {isa = PBXFileReference; includeInIndex = 1; lastKnownFileType = text.xcconfig; name = "Pods-CoolUITests.release.xcconfig"; path = "Pods/Target Support Files/Pods-CoolUITests/Pods-CoolUITests.release.xcconfig"; sourceTree = "<group>"; };
/* End PBXFileReference section */

/* Begin PBXFrameworksBuildPhase section */
		0854144B1E92005000B98316 /* Frameworks */ = {
			isa = PBXFrameworksBuildPhase;
			buildActionMask = 2147483647;
			files = (
				751D8A23A1DCB5D345B4E23B /* Pods_Cool.framework in Frameworks */,
			);
			runOnlyForDeploymentPostprocessing = 0;
		};
		0854145F1E92005000B98316 /* Frameworks */ = {
			isa = PBXFrameworksBuildPhase;
			buildActionMask = 2147483647;
			files = (
				96B5375AE36B8DAD12B104FD /* Pods_CoolTests.framework in Frameworks */,
			);
			runOnlyForDeploymentPostprocessing = 0;
		};
		0854146A1E92005000B98316 /* Frameworks */ = {
			isa = PBXFrameworksBuildPhase;
			buildActionMask = 2147483647;
			files = (
				9AC8A200A9714B1933F88DED /* Pods_CoolUITests.framework in Frameworks */,
			);
			runOnlyForDeploymentPostprocessing = 0;
		};
/* End PBXFrameworksBuildPhase section */

/* Begin PBXGroup section */
		085414451E92005000B98316 = {
			isa = PBXGroup;
			children = (
				085414501E92005000B98316 /* Cool */,
				085414651E92005000B98316 /* CoolTests */,
				085414701E92005000B98316 /* CoolUITests */,
				0854144F1E92005000B98316 /* Products */,
				39C97FFAD36AD2C5AC82F765 /* Pods */,
				82EDB599360F2BBF5D34798B /* Frameworks */,
			);
			sourceTree = "<group>";
		};
		0854144F1E92005000B98316 /* Products */ = {
			isa = PBXGroup;
			children = (
				0854144E1E92005000B98316 /* Cool.app */,
				085414621E92005000B98316 /* CoolTests.xctest */,
				0854146D1E92005000B98316 /* CoolUITests.xctest */,
			);
			name = Products;
			sourceTree = "<group>";
		};
		085414501E92005000B98316 /* Cool */ = {
			isa = PBXGroup;
			children = (
				085414511E92005000B98316 /* AppDelegate.swift */,
				085414531E92005000B98316 /* ViewController.swift */,
				085414551E92005000B98316 /* Main.storyboard */,
				085414581E92005000B98316 /* Assets.xcassets */,
				0854145A1E92005000B98316 /* LaunchScreen.storyboard */,
				0854145D1E92005000B98316 /* Info.plist */,
			);
			path = Cool;
			sourceTree = "<group>";
		};
		085414651E92005000B98316 /* CoolTests */ = {
			isa = PBXGroup;
			children = (
				085414661E92005000B98316 /* CoolTests.swift */,
				085414681E92005000B98316 /* Info.plist */,
			);
			path = CoolTests;
			sourceTree = "<group>";
		};
		085414701E92005000B98316 /* CoolUITests */ = {
			isa = PBXGroup;
			children = (
				085414711E92005000B98316 /* CoolUITests.swift */,
				085414731E92005000B98316 /* Info.plist */,
			);
			path = CoolUITests;
			sourceTree = "<group>";
		};
		39C97FFAD36AD2C5AC82F765 /* Pods */ = {
			isa = PBXGroup;
			children = (
				C8C68DDDA793AF9F85A1D4DF /* Pods-Cool.debug.xcconfig */,
				2E4530B42440602C75630823 /* Pods-Cool.release.xcconfig */,
				DBCB74DE261BF0BEDB0E3AA6 /* Pods-CoolTests.debug.xcconfig */,
				AD42770CE0E49BFA21EF4F4D /* Pods-CoolTests.release.xcconfig */,
				AAFE6E6835BAD51FF597F566 /* Pods-CoolUITests.debug.xcconfig */,
				F14C716B860F82E461989045 /* Pods-CoolUITests.release.xcconfig */,
			);
			name = Pods;
			sourceTree = "<group>";
		};
		82EDB599360F2BBF5D34798B /* Frameworks */ = {
			isa = PBXGroup;
			children = (
				6D57EB3B3663A238A2456FC2 /* Pods_Cool.framework */,
				50F5B95A37EB9475AFFCAEAD /* Pods_CoolTests.framework */,
				5126EF92901F0DF8CFAEC06B /* Pods_CoolUITests.framework */,
			);
			name = Frameworks;
			sourceTree = "<group>";
		};
/* End PBXGroup section */

/* Begin PBXNativeTarget section */
		0854144D1E92005000B98316 /* Cool */ = {
			isa = PBXNativeTarget;
			buildConfigurationList = 085414761E92005000B98316 /* Build configuration list for PBXNativeTarget "Cool" */;
			buildPhases = (
				8F2487CC70297D14EE38456B /* [CP] Check Pods Manifest.lock */,
				0854144A1E92005000B98316 /* Sources */,
				0854144B1E92005000B98316 /* Frameworks */,
				0854144C1E92005000B98316 /* Resources */,
				4A661027A16807CDB3F7C89D /* [CP] Embed Pods Frameworks */,
				833CCDFDC9CD155520906C86 /* [CP] Copy Pods Resources */,
			);
			buildRules = (
			);
			dependencies = (
			);
			name = Cool;
			productName = Cool;
			productReference = 0854144E1E92005000B98316 /* Cool.app */;
			productType = "com.apple.product-type.application";
		};
		085414611E92005000B98316 /* CoolTests */ = {
			isa = PBXNativeTarget;
			buildConfigurationList = 085414791E92005000B98316 /* Build configuration list for PBXNativeTarget "CoolTests" */;
			buildPhases = (
				48850ABCF1F020C837C402C9 /* [CP] Check Pods Manifest.lock */,
				0854145E1E92005000B98316 /* Sources */,
				0854145F1E92005000B98316 /* Frameworks */,
				085414601E92005000B98316 /* Resources */,
				53B1B89926EAAF12A17D1A3D /* [CP] Embed Pods Frameworks */,
				1CDFC4D0CCAF0D73B1AF6C8F /* [CP] Copy Pods Resources */,
			);
			buildRules = (
			);
			dependencies = (
				085414641E92005000B98316 /* PBXTargetDependency */,
			);
			name = CoolTests;
			productName = CoolTests;
			productReference = 085414621E92005000B98316 /* CoolTests.xctest */;
			productType = "com.apple.product-type.bundle.unit-test";
		};
		0854146C1E92005000B98316 /* CoolUITests */ = {
			isa = PBXNativeTarget;
			buildConfigurationList = 0854147C1E92005000B98316 /* Build configuration list for PBXNativeTarget "CoolUITests" */;
			buildPhases = (
				30E681EE52BE0DB87010FCD7 /* [CP] Check Pods Manifest.lock */,
				085414691E92005000B98316 /* Sources */,
				0854146A1E92005000B98316 /* Frameworks */,
				0854146B1E92005000B98316 /* Resources */,
				E93633A67D60AC461C6F350E /* [CP] Embed Pods Frameworks */,
				CD9E54BC3D798AA805FDA989 /* [CP] Copy Pods Resources */,
			);
			buildRules = (
			);
			dependencies = (
				0854146F1E92005000B98316 /* PBXTargetDependency */,
			);
			name = CoolUITests;
			productName = CoolUITests;
			productReference = 0854146D1E92005000B98316 /* CoolUITests.xctest */;
			productType = "com.apple.product-type.bundle.ui-testing";
		};
/* End PBXNativeTarget section */

/* Begin PBXProject section */
		085414461E92005000B98316 /* Project object */ = {
			isa = PBXProject;
			attributes = {
				LastSwiftUpdateCheck = 0830;
				LastUpgradeCheck = 0830;
				ORGANIZATIONNAME = Hackathon;
				TargetAttributes = {
					0854144D1E92005000B98316 = {
						CreatedOnToolsVersion = 8.3;
						ProvisioningStyle = Automatic;
					};
					085414611E92005000B98316 = {
						CreatedOnToolsVersion = 8.3;
						ProvisioningStyle = Automatic;
						TestTargetID = 0854144D1E92005000B98316;
					};
					0854146C1E92005000B98316 = {
						CreatedOnToolsVersion = 8.3;
						ProvisioningStyle = Automatic;
						TestTargetID = 0854144D1E92005000B98316;
					};
				};
			};
			buildConfigurationList = 085414491E92005000B98316 /* Build configuration list for PBXProject "Cool" */;
			compatibilityVersion = "Xcode 3.2";
			developmentRegion = English;
			hasScannedForEncodings = 0;
			knownRegions = (
				en,
				Base,
			);
			mainGroup = 085414451E92005000B98316;
			productRefGroup = 0854144F1E92005000B98316 /* Products */;
			projectDirPath = "";
			projectRoot = "";
			targets = (
				0854144D1E92005000B98316 /* Cool */,
				085414611E92005000B98316 /* CoolTests */,
				0854146C1E92005000B98316 /* CoolUITests */,
			);
		};
/* End PBXProject section */

/* Begin PBXResourcesBuildPhase section */
		0854144C1E92005000B98316 /* Resources */ = {
			isa = PBXResourcesBuildPhase;
			buildActionMask = 2147483647;
			files = (
				0854145C1E92005000B98316 /* LaunchScreen.storyboard in Resources */,
				085414591E92005000B98316 /* Assets.xcassets in Resources */,
				085414571E92005000B98316 /* Main.storyboard in Resources */,
			);
			runOnlyForDeploymentPostprocessing = 0;
		};
		085414601E92005000B98316 /* Resources */ = {
			isa = PBXResourcesBuildPhase;
			buildActionMask = 2147483647;
			files = (
			);
			runOnlyForDeploymentPostprocessing = 0;
		};
		0854146B1E92005000B98316 /* Resources */ = {
			isa = PBXResourcesBuildPhase;
			buildActionMask = 2147483647;
			files = (
			);
			runOnlyForDeploymentPostprocessing = 0;
		};
/* End PBXResourcesBuildPhase section */

/* Begin PBXShellScriptBuildPhase section */
		1CDFC4D0CCAF0D73B1AF6C8F /* [CP] Copy Pods Resources */ = {
			isa = PBXShellScriptBuildPhase;
			buildActionMask = 2147483647;
			files = (
			);
			inputPaths = (
			);
			name = "[CP] Copy Pods Resources";
			outputPaths = (
			);
			runOnlyForDeploymentPostprocessing = 0;
			shellPath = /bin/sh;
			shellScript = "\"${SRCROOT}/Pods/Target Support Files/Pods-CoolTests/Pods-CoolTests-resources.sh\"\n";
			showEnvVarsInLog = 0;
		};
		30E681EE52BE0DB87010FCD7 /* [CP] Check Pods Manifest.lock */ = {
			isa = PBXShellScriptBuildPhase;
			buildActionMask = 2147483647;
			files = (
			);
			inputPaths = (
			);
			name = "[CP] Check Pods Manifest.lock";
			outputPaths = (
			);
			runOnlyForDeploymentPostprocessing = 0;
			shellPath = /bin/sh;
			shellScript = "diff \"${PODS_ROOT}/../Podfile.lock\" \"${PODS_ROOT}/Manifest.lock\" > /dev/null\nif [ $? != 0 ] ; then\n    # print error to STDERR\n    echo \"error: The sandbox is not in sync with the Podfile.lock. Run 'pod install' or update your CocoaPods installation.\" >&2\n    exit 1\nfi\n";
			showEnvVarsInLog = 0;
		};
		48850ABCF1F020C837C402C9 /* [CP] Check Pods Manifest.lock */ = {
			isa = PBXShellScriptBuildPhase;
			buildActionMask = 2147483647;
			files = (
			);
			inputPaths = (
			);
			name = "[CP] Check Pods Manifest.lock";
			outputPaths = (
			);
			runOnlyForDeploymentPostprocessing = 0;
			shellPath = /bin/sh;
			shellScript = "diff \"${PODS_ROOT}/../Podfile.lock\" \"${PODS_ROOT}/Manifest.lock\" > /dev/null\nif [ $? != 0 ] ; then\n    # print error to STDERR\n    echo \"error: The sandbox is not in sync with the Podfile.lock. Run 'pod install' or update your CocoaPods installation.\" >&2\n    exit 1\nfi\n";
			showEnvVarsInLog = 0;
		};
		4A661027A16807CDB3F7C89D /* [CP] Embed Pods Frameworks */ = {
			isa = PBXShellScriptBuildPhase;
			buildActionMask = 2147483647;
			files = (
			);
			inputPaths = (
			);
			name = "[CP] Embed Pods Frameworks";
			outputPaths = (
			);
			runOnlyForDeploymentPostprocessing = 0;
			shellPath = /bin/sh;
			shellScript = "\"${SRCROOT}/Pods/Target Support Files/Pods-Cool/Pods-Cool-frameworks.sh\"\n";
			showEnvVarsInLog = 0;
		};
		53B1B89926EAAF12A17D1A3D /* [CP] Embed Pods Frameworks */ = {
			isa = PBXShellScriptBuildPhase;
			buildActionMask = 2147483647;
			files = (
			);
			inputPaths = (
			);
			name = "[CP] Embed Pods Frameworks";
			outputPaths = (
			);
			runOnlyForDeploymentPostprocessing = 0;
			shellPath = /bin/sh;
			shellScript = "\"${SRCROOT}/Pods/Target Support Files/Pods-CoolTests/Pods-CoolTests-frameworks.sh\"\n";
			showEnvVarsInLog = 0;
		};
		833CCDFDC9CD155520906C86 /* [CP] Copy Pods Resources */ = {
			isa = PBXShellScriptBuildPhase;
			buildActionMask = 2147483647;
			files = (
			);
			inputPaths = (
			);
			name = "[CP] Copy Pods Resources";
			outputPaths = (
			);
			runOnlyForDeploymentPostprocessing = 0;
			shellPath = /bin/sh;
			shellScript = "\"${SRCROOT}/Pods/Target Support Files/Pods-Cool/Pods-Cool-resources.sh\"\n";
			showEnvVarsInLog = 0;
		};
		8F2487CC70297D14EE38456B /* [CP] Check Pods Manifest.lock */ = {
			isa = PBXShellScriptBuildPhase;
			buildActionMask = 2147483647;
			files = (
			);
			inputPaths = (
			);
			name = "[CP] Check Pods Manifest.lock";
			outputPaths = (
			);
			runOnlyForDeploymentPostprocessing = 0;
			shellPath = /bin/sh;
			shellScript = "diff \"${PODS_ROOT}/../Podfile.lock\" \"${PODS_ROOT}/Manifest.lock\" > /dev/null\nif [ $? != 0 ] ; then\n    # print error to STDERR\n    echo \"error: The sandbox is not in sync with the Podfile.lock. Run 'pod install' or update your CocoaPods installation.\" >&2\n    exit 1\nfi\n";
			showEnvVarsInLog = 0;
		};
		CD9E54BC3D798AA805FDA989 /* [CP] Copy Pods Resources */ = {
			isa = PBXShellScriptBuildPhase;
			buildActionMask = 2147483647;
			files = (
			);
			inputPaths = (
			);
			name = "[CP] Copy Pods Resources";
			outputPaths = (
			);
			runOnlyForDeploymentPostprocessing = 0;
			shellPath = /bin/sh;
			shellScript = "\"${SRCROOT}/Pods/Target Support Files/Pods-CoolUITests/Pods-CoolUITests-resources.sh\"\n";
			showEnvVarsInLog = 0;
		};
		E93633A67D60AC461C6F350E /* [CP] Embed Pods Frameworks */ = {
			isa = PBXShellScriptBuildPhase;
			buildActionMask = 2147483647;
			files = (
			);
			inputPaths = (
			);
			name = "[CP] Embed Pods Frameworks";
			outputPaths = (
			);
			runOnlyForDeploymentPostprocessing = 0;
			shellPath = /bin/sh;
			shellScript = "\"${SRCROOT}/Pods/Target Support Files/Pods-CoolUITests/Pods-CoolUITests-frameworks.sh\"\n";
			showEnvVarsInLog = 0;
		};
/* End PBXShellScriptBuildPhase section */

/* Begin PBXSourcesBuildPhase section */
		0854144A1E92005000B98316 /* Sources */ = {
			isa = PBXSourcesBuildPhase;
			buildActionMask = 2147483647;
			files = (
				085414541E92005000B98316 /* ViewController.swift in Sources */,
				085414521E92005000B98316 /* AppDelegate.swift in Sources */,
			);
			runOnlyForDeploymentPostprocessing = 0;
		};
		0854145E1E92005000B98316 /* Sources */ = {
			isa = PBXSourcesBuildPhase;
			buildActionMask = 2147483647;
			files = (
				085414671E92005000B98316 /* CoolTests.swift in Sources */,
			);
			runOnlyForDeploymentPostprocessing = 0;
		};
		085414691E92005000B98316 /* Sources */ = {
			isa = PBXSourcesBuildPhase;
			buildActionMask = 2147483647;
			files = (
				085414721E92005000B98316 /* CoolUITests.swift in Sources */,
			);
			runOnlyForDeploymentPostprocessing = 0;
		};
/* End PBXSourcesBuildPhase section */

/* Begin PBXTargetDependency section */
		085414641E92005000B98316 /* PBXTargetDependency */ = {
			isa = PBXTargetDependency;
			target = 0854144D1E92005000B98316 /* Cool */;
			targetProxy = 085414631E92005000B98316 /* PBXContainerItemProxy */;
		};
		0854146F1E92005000B98316 /* PBXTargetDependency */ = {
			isa = PBXTargetDependency;
			target = 0854144D1E92005000B98316 /* Cool */;
			targetProxy = 0854146E1E92005000B98316 /* PBXContainerItemProxy */;
		};
/* End PBXTargetDependency section */

/* Begin PBXVariantGroup section */
		085414551E92005000B98316 /* Main.storyboard */ = {
			isa = PBXVariantGroup;
			children = (
				085414561E92005000B98316 /* Base */,
			);
			name = Main.storyboard;
			sourceTree = "<group>";
		};
		0854145A1E92005000B98316 /* LaunchScreen.storyboard */ = {
			isa = PBXVariantGroup;
			children = (
				0854145B1E92005000B98316 /* Base */,
			);
			name = LaunchScreen.storyboard;
			sourceTree = "<group>";
		};
/* End PBXVariantGroup section */

/* Begin XCBuildConfiguration section */
		085414741E92005000B98316 /* Debug */ = {
			isa = XCBuildConfiguration;
			buildSettings = {
				ALWAYS_SEARCH_USER_PATHS = NO;
				CLANG_ANALYZER_NONNULL = YES;
				CLANG_ANALYZER_NUMBER_OBJECT_CONVERSION = YES_AGGRESSIVE;
				CLANG_CXX_LANGUAGE_STANDARD = "gnu++0x";
				CLANG_CXX_LIBRARY = "libc++";
				CLANG_ENABLE_MODULES = YES;
				CLANG_ENABLE_OBJC_ARC = YES;
				CLANG_WARN_BOOL_CONVERSION = YES;
				CLANG_WARN_CONSTANT_CONVERSION = YES;
				CLANG_WARN_DIRECT_OBJC_ISA_USAGE = YES_ERROR;
				CLANG_WARN_DOCUMENTATION_COMMENTS = YES;
				CLANG_WARN_EMPTY_BODY = YES;
				CLANG_WARN_ENUM_CONVERSION = YES;
				CLANG_WARN_INFINITE_RECURSION = YES;
				CLANG_WARN_INT_CONVERSION = YES;
				CLANG_WARN_OBJC_ROOT_CLASS = YES_ERROR;
				CLANG_WARN_SUSPICIOUS_MOVE = YES;
				CLANG_WARN_UNREACHABLE_CODE = YES;
				CLANG_WARN__DUPLICATE_METHOD_MATCH = YES;
				"CODE_SIGN_IDENTITY[sdk=iphoneos*]" = "iPhone Developer";
				COPY_PHASE_STRIP = NO;
				DEBUG_INFORMATION_FORMAT = dwarf;
				ENABLE_STRICT_OBJC_MSGSEND = YES;
				ENABLE_TESTABILITY = YES;
				GCC_C_LANGUAGE_STANDARD = gnu99;
				GCC_DYNAMIC_NO_PIC = NO;
				GCC_NO_COMMON_BLOCKS = YES;
				GCC_OPTIMIZATION_LEVEL = 0;
				GCC_PREPROCESSOR_DEFINITIONS = (
					"DEBUG=1",
					"$(inherited)",
				);
				GCC_WARN_64_TO_32_BIT_CONVERSION = YES;
				GCC_WARN_ABOUT_RETURN_TYPE = YES_ERROR;
				GCC_WARN_UNDECLARED_SELECTOR = YES;
				GCC_WARN_UNINITIALIZED_AUTOS = YES_AGGRESSIVE;
				GCC_WARN_UNUSED_FUNCTION = YES;
				GCC_WARN_UNUSED_VARIABLE = YES;
				IPHONEOS_DEPLOYMENT_TARGET = 10.3;
				MTL_ENABLE_DEBUG_INFO = YES;
				ONLY_ACTIVE_ARCH = YES;
				SDKROOT = iphoneos;
				SWIFT_ACTIVE_COMPILATION_CONDITIONS = DEBUG;
				SWIFT_OPTIMIZATION_LEVEL = "-Onone";
				TARGETED_DEVICE_FAMILY = "1,2";
			};
			name = Debug;
		};
		085414751E92005000B98316 /* Release */ = {
			isa = XCBuildConfiguration;
			buildSettings = {
				ALWAYS_SEARCH_USER_PATHS = NO;
				CLANG_ANALYZER_NONNULL = YES;
				CLANG_ANALYZER_NUMBER_OBJECT_CONVERSION = YES_AGGRESSIVE;
				CLANG_CXX_LANGUAGE_STANDARD = "gnu++0x";
				CLANG_CXX_LIBRARY = "libc++";
				CLANG_ENABLE_MODULES = YES;
				CLANG_ENABLE_OBJC_ARC = YES;
				CLANG_WARN_BOOL_CONVERSION = YES;
				CLANG_WARN_CONSTANT_CONVERSION = YES;
				CLANG_WARN_DIRECT_OBJC_ISA_USAGE = YES_ERROR;
				CLANG_WARN_DOCUMENTATION_COMMENTS = YES;
				CLANG_WARN_EMPTY_BODY = YES;
				CLANG_WARN_ENUM_CONVERSION = YES;
				CLANG_WARN_INFINITE_RECURSION = YES;
				CLANG_WARN_INT_CONVERSION = YES;
				CLANG_WARN_OBJC_ROOT_CLASS = YES_ERROR;
				CLANG_WARN_SUSPICIOUS_MOVE = YES;
				CLANG_WARN_UNREACHABLE_CODE = YES;
				CLANG_WARN__DUPLICATE_METHOD_MATCH = YES;
				"CODE_SIGN_IDENTITY[sdk=iphoneos*]" = "iPhone Developer";
				COPY_PHASE_STRIP = NO;
				DEBUG_INFORMATION_FORMAT = "dwarf-with-dsym";
				ENABLE_NS_ASSERTIONS = NO;
				ENABLE_STRICT_OBJC_MSGSEND = YES;
				GCC_C_LANGUAGE_STANDARD = gnu99;
				GCC_NO_COMMON_BLOCKS = YES;
				GCC_WARN_64_TO_32_BIT_CONVERSION = YES;
				GCC_WARN_ABOUT_RETURN_TYPE = YES_ERROR;
				GCC_WARN_UNDECLARED_SELECTOR = YES;
				GCC_WARN_UNINITIALIZED_AUTOS = YES_AGGRESSIVE;
				GCC_WARN_UNUSED_FUNCTION = YES;
				GCC_WARN_UNUSED_VARIABLE = YES;
				IPHONEOS_DEPLOYMENT_TARGET = 10.3;
				MTL_ENABLE_DEBUG_INFO = NO;
				SDKROOT = iphoneos;
				SWIFT_OPTIMIZATION_LEVEL = "-Owholemodule";
				TARGETED_DEVICE_FAMILY = "1,2";
				VALIDATE_PRODUCT = YES;
			};
			name = Release;
		};
		085414771E92005000B98316 /* Debug */ = {
			isa = XCBuildConfiguration;
			baseConfigurationReference = C8C68DDDA793AF9F85A1D4DF /* Pods-Cool.debug.xcconfig */;
			buildSettings = {
				ASSETCATALOG_COMPILER_APPICON_NAME = AppIcon;
				INFOPLIST_FILE = Cool/Info.plist;
				LD_RUNPATH_SEARCH_PATHS = "$(inherited) @executable_path/Frameworks";
				PRODUCT_BUNDLE_IDENTIFIER = com.buddybuild.Cool;
				PRODUCT_NAME = "$(TARGET_NAME)";
				SWIFT_VERSION = 3.0;
			};
			name = Debug;
		};
		085414781E92005000B98316 /* Release */ = {
			isa = XCBuildConfiguration;
			baseConfigurationReference = 2E4530B42440602C75630823 /* Pods-Cool.release.xcconfig */;
			buildSettings = {
				ASSETCATALOG_COMPILER_APPICON_NAME = AppIcon;
				INFOPLIST_FILE = Cool/Info.plist;
				LD_RUNPATH_SEARCH_PATHS = "$(inherited) @executable_path/Frameworks";
				PRODUCT_BUNDLE_IDENTIFIER = com.buddybuild.Cool;
				PRODUCT_NAME = "$(TARGET_NAME)";
				SWIFT_VERSION = 3.0;
			};
			name = Release;
		};
		0854147A1E92005000B98316 /* Debug */ = {
			isa = XCBuildConfiguration;
			baseConfigurationReference = DBCB74DE261BF0BEDB0E3AA6 /* Pods-CoolTests.debug.xcconfig */;
			buildSettings = {
				ALWAYS_EMBED_SWIFT_STANDARD_LIBRARIES = YES;
				BUNDLE_LOADER = "$(TEST_HOST)";
				INFOPLIST_FILE = CoolTests/Info.plist;
				LD_RUNPATH_SEARCH_PATHS = "$(inherited) @executable_path/Frameworks @loader_path/Frameworks";
				PRODUCT_BUNDLE_IDENTIFIER = com.buddybuild.CoolTests;
				PRODUCT_NAME = "$(TARGET_NAME)";
				SWIFT_VERSION = 3.0;
				TEST_HOST = "$(BUILT_PRODUCTS_DIR)/Cool.app/Cool";
			};
			name = Debug;
		};
		0854147B1E92005000B98316 /* Release */ = {
			isa = XCBuildConfiguration;
			baseConfigurationReference = AD42770CE0E49BFA21EF4F4D /* Pods-CoolTests.release.xcconfig */;
			buildSettings = {
				ALWAYS_EMBED_SWIFT_STANDARD_LIBRARIES = YES;
				BUNDLE_LOADER = "$(TEST_HOST)";
				INFOPLIST_FILE = CoolTests/Info.plist;
				LD_RUNPATH_SEARCH_PATHS = "$(inherited) @executable_path/Frameworks @loader_path/Frameworks";
				PRODUCT_BUNDLE_IDENTIFIER = com.buddybuild.CoolTests;
				PRODUCT_NAME = "$(TARGET_NAME)";
				SWIFT_VERSION = 3.0;
				TEST_HOST = "$(BUILT_PRODUCTS_DIR)/Cool.app/Cool";
			};
			name = Release;
		};
		0854147D1E92005000B98316 /* Debug */ = {
			isa = XCBuildConfiguration;
			baseConfigurationReference = AAFE6E6835BAD51FF597F566 /* Pods-CoolUITests.debug.xcconfig */;
			buildSettings = {
				ALWAYS_EMBED_SWIFT_STANDARD_LIBRARIES = YES;
				INFOPLIST_FILE = CoolUITests/Info.plist;
				LD_RUNPATH_SEARCH_PATHS = "$(inherited) @executable_path/Frameworks @loader_path/Frameworks";
				PRODUCT_BUNDLE_IDENTIFIER = com.buddybuild.CoolUITests;
				PRODUCT_NAME = "$(TARGET_NAME)";
				SWIFT_VERSION = 3.0;
				TEST_TARGET_NAME = Cool;
			};
			name = Debug;
		};
		0854147E1E92005000B98316 /* Release */ = {
			isa = XCBuildConfiguration;
			baseConfigurationReference = F14C716B860F82E461989045 /* Pods-CoolUITests.release.xcconfig */;
			buildSettings = {
				ALWAYS_EMBED_SWIFT_STANDARD_LIBRARIES = YES;
				INFOPLIST_FILE = CoolUITests/Info.plist;
				LD_RUNPATH_SEARCH_PATHS = "$(inherited) @executable_path/Frameworks @loader_path/Frameworks";
				PRODUCT_BUNDLE_IDENTIFIER = com.buddybuild.CoolUITests;
				PRODUCT_NAME = "$(TARGET_NAME)";
				SWIFT_VERSION = 3.0;
				TEST_TARGET_NAME = Cool;
			};
			name = Release;
		};
/* End XCBuildConfiguration section */

/* Begin XCConfigurationList section */
		085414491E92005000B98316 /* Build configuration list for PBXProject "Cool" */ = {
			isa = XCConfigurationList;
			buildConfigurations = (
				085414741E92005000B98316 /* Debug */,
				085414751E92005000B98316 /* Release */,
			);
			defaultConfigurationIsVisible = 0;
			defaultConfigurationName = Release;
		};
		085414761E92005000B98316 /* Build configuration list for PBXNativeTarget "Cool" */ = {
			isa = XCConfigurationList;
			buildConfigurations = (
				085414771E92005000B98316 /* Debug */,
				085414781E92005000B98316 /* Release */,
			);
			defaultConfigurationIsVisible = 0;
		};
		085414791E92005000B98316 /* Build configuration list for PBXNativeTarget "CoolTests" */ = {
			isa = XCConfigurationList;
			buildConfigurations = (
				0854147A1E92005000B98316 /* Debug */,
				0854147B1E92005000B98316 /* Release */,
			);
			defaultConfigurationIsVisible = 0;
		};
		0854147C1E92005000B98316 /* Build configuration list for PBXNativeTarget "CoolUITests" */ = {
			isa = XCConfigurationList;
			buildConfigurations = (
				0854147D1E92005000B98316 /* Debug */,
				0854147E1E92005000B98316 /* Release */,
			);
			defaultConfigurationIsVisible = 0;
		};
/* End XCConfigurationList section */
	};
	rootObject = 085414461E92005000B98316 /* Project object */;
}
