PODS:
  - Appboy-iOS-SDK (2.28.0):
    - Appboy-iOS-SDK/UI (= 2.28.0)
  - Appboy-iOS-SDK/UI (2.28.0):
    - SDWebImage/GIF (~> 4.0)
  - Bolts (1.8.4):
    - Bolts/AppLinks (= 1.8.4)
    - Bolts/Tasks (= 1.8.4)
  - Bolts/AppLinks (1.8.4):
    - Bolts/Tasks
  - Bolts/Tasks (1.8.4)
  - Braintree (4.8.0):
    - Braintree/Card (= 4.8.0)
    - Braintree/Core (= 4.8.0)
    - Braintree/PayPal (= 4.8.0)
    - Braintree/UI (= 4.8.0)
  - Braintree/Card (4.8.0):
    - Braintree/Core
  - Braintree/Core (4.8.0)
  - Braintree/PayPal (4.8.0):
    - Braintree/Core
    - Braintree/PayPalOneTouch
  - Braintree/PayPalDataCollector (4.8.0):
    - Braintree/Core
    - Braintree/PayPalUtils
  - Braintree/PayPalOneTouch (4.8.0):
    - Braintree/Core
    - Braintree/PayPalDataCollector
    - Braintree/PayPalUtils
  - Braintree/PayPalUtils (4.8.0)
  - Braintree/UI (4.8.0):
    - Braintree/Card
    - Braintree/Core
  - Branch (0.14.10):
    - Branch/Core (= 0.14.10)
    - Branch/without-IDFA (= 0.14.10)
  - Branch/Core (0.14.10)
  - Branch/without-IDFA (0.14.10)
  - CardIO (5.4.1)
  - CocoaLumberjack (3.1.0):
    - CocoaLumberjack/Default (= 3.1.0)
    - CocoaLumberjack/Extensions (= 3.1.0)
  - CocoaLumberjack/Default (3.1.0)
  - CocoaLumberjack/Extensions (3.1.0):
    - CocoaLumberjack/Default
  - Crashlytics (3.8.4):
    - Fabric (~> 1.6.3)
  - Fabric (1.6.11)
  - FBSDKCoreKit (4.19.0):
    - Bolts (~> 1.7)
  - FLAnimatedImage (1.0.12)
  - GoogleAnalytics (3.17.0)
  - GoogleMaps (1.13.2)
  - Mantle (2.1.0):
    - Mantle/extobjc (= 2.1.0)
  - Mantle/extobjc (2.1.0)
  - NewRelicAgent (5.12.2)
  - OAStackView (1.0.1)
  - PageMenu (2.0.0)
  - PureLayout (3.0.2)
  - Reachability (3.2)
  - SDWebImage/Core (4.0.0)
  - SDWebImage/GIF (4.0.0):
    - FLAnimatedImage (~> 1.0)
    - SDWebImage/Core
  - Stripe (9.4.0)
  - SwiftLint (0.17.0)
  - UICKeyChainStore (2.1.1)
  - ZDCChat (1.3.3.1):
    - ZDCChat/API (= 1.3.3.1)
    - ZDCChat/Localization (= 1.3.3.1)
    - ZDCChat/UI (= 1.3.3.1)
  - ZDCChat/API (1.3.3.1)
  - ZDCChat/Localization (1.3.3.1)
  - ZDCChat/UI (1.3.3.1):
    - ZDCChat/API

DEPENDENCIES:
  - Appboy-iOS-SDK (~> 2.24)
  - Braintree (~> 4.1)
  - Branch (~> 0.12)
  - CardIO (~> 5.3)
  - CocoaLumberjack (= 3.1.0)
  - Crashlytics (~> 3.8)
  - Fabric (~> 1.6)
  - FBSDKCoreKit (~> 4.19.0)
  - GoogleAnalytics (~> 3.1)
  - GoogleMaps (~> 1.13)
  - Mantle (~> 2.0)
  - NewRelicAgent (~> 5.10)
  - OAStackView
  - PageMenu
  - PureLayout (~> 3.0)
  - Reachability (~> 3)
  - Stripe (~> 9.2)
  - SwiftLint
  - UICKeyChainStore (~> 2.0)
  - ZDCChat (~> 1.3)

SPEC CHECKSUMS:
  Appboy-iOS-SDK: d754dc64c6e103cc177ae834ef6efad770195fe7
  Bolts: 8a7995239dbe724f9cba2248b766d48b7ebdd322
  Braintree: 28527aed12a5904ae69af7cdf3aaf77b2717d041
  Branch: 9c12b5f8d8fbceb9755b69905d5f11d6bae148d0
  CardIO: 56983b39b62f495fc6dae9ad7cf875143df06443
  CocoaLumberjack: 8311463ddf9ee86a06ef92a071dd656c89244500
  Crashlytics: 79e236942ca1e7fc641df1feb9a275360a78ab6a
  Fabric: 5911403591946b8228ab1c51d98f1d7137e863c6
  FBSDKCoreKit: 894b2b6eda6a4c8c4204e92e59cc355709ef045c
  FLAnimatedImage: 4a0b56255d9b05f18b6dd7ee06871be5d3b89e31
  GoogleAnalytics: f42cc53a87a51fe94334821868d9c8481ff47a7b
  GoogleMaps: b20a103ff307f58392e603cf142e59d7e30374c1
  Mantle: 2fa750afa478cd625a94230fbf1c13462f29395b
  NewRelicAgent: 1d41d2f6fe7c4219c13819ef12a0fc0f8d6ecaa6
  OAStackView: 95e7cb79cbea25c2342f496a44bdbe8bd4c8d510
  PageMenu: 9c38fd7e0d9ef4b1408320f55bb907bbc0e538dc
  PureLayout: 4d550abe49a94f24c2808b9b95db9131685fe4cd
  Reachability: 33e18b67625424e47b6cde6d202dce689ad7af96
  SDWebImage: 76a6348bdc74eb5a55dd08a091ef298e56b55e41
  Stripe: 0957cc85df5c3df153e6fb44d307ea4b778b6bd1
  SwiftLint: 9fb1dd71d5952d130f8c2fb60ae2e1475cf5d575
  UICKeyChainStore: 239558492fa260531a0774cfc611ea83a6eaff3a
  ZDCChat: 20916266c6fa7068942db18a6e398104ec9f7973

PODFILE CHECKSUM: d243fad0341baa993b2e5f24d99878705b263f41

COCOAPODS: 1.2.0
